// !$*UTF8*$!
{
	archiveVersion = 1;
	classes = {
	};
	objectVersion = 46;
	objects = {

/* Begin PBXBuildFile section */
		FA66A6E11770F2B000F54C00 /* Model.m in Sources */ = {isa = PBXBuildFile; fileRef = FA66A6E01770F2B000F54C00 /* Model.m */; };
		FA6B32C415DF9A2D007A0405 /* Favourites.m in Sources */ = {isa = PBXBuildFile; fileRef = FA6B32C315DF9A2D007A0405 /* Favourites.m */; };
		FA72C13C15DE9C9E002247D3 /* UIKit.framework in Frameworks */ = {isa = PBXBuildFile; fileRef = FA72C13B15DE9C9E002247D3 /* UIKit.framework */; };
		FA72C13E15DE9C9E002247D3 /* Foundation.framework in Frameworks */ = {isa = PBXBuildFile; fileRef = FA72C13D15DE9C9E002247D3 /* Foundation.framework */; };
		FA72C14015DE9C9E002247D3 /* CoreGraphics.framework in Frameworks */ = {isa = PBXBuildFile; fileRef = FA72C13F15DE9C9E002247D3 /* CoreGraphics.framework */; };
		FA72C14615DE9C9E002247D3 /* InfoPlist.strings in Resources */ = {isa = PBXBuildFile; fileRef = FA72C14415DE9C9E002247D3 /* InfoPlist.strings */; };
		FA72C14815DE9C9E002247D3 /* main.m in Sources */ = {isa = PBXBuildFile; fileRef = FA72C14715DE9C9E002247D3 /* main.m */; };
		FA72C14C15DE9C9E002247D3 /* AppDelegate.m in Sources */ = {isa = PBXBuildFile; fileRef = FA72C14B15DE9C9E002247D3 /* AppDelegate.m */; };
		FA72C15A15DE9D3A002247D3 /* Player.m in Sources */ = {isa = PBXBuildFile; fileRef = FA72C15915DE9D3A002247D3 /* Player.m */; };
		FA72C15C15DE9D55002247D3 /* AVFoundation.framework in Frameworks */ = {isa = PBXBuildFile; fileRef = FA72C15B15DE9D55002247D3 /* AVFoundation.framework */; };
		FA72C15E15DE9F5F002247D3 /* Security.framework in Frameworks */ = {isa = PBXBuildFile; fileRef = FA72C15D15DE9F5F002247D3 /* Security.framework */; };
		FA8AB37E1771017000A32353 /* Station.m in Sources */ = {isa = PBXBuildFile; fileRef = FA8AB37D1771017000A32353 /* Station.m */; };
		FA8E2F771770ADED004AB962 /* Storyboard.storyboard in Resources */ = {isa = PBXBuildFile; fileRef = FA8E2F761770ADED004AB962 /* Storyboard.storyboard */; };
		FA8E2F7A1770AF7A004AB962 /* RootViewController.m in Sources */ = {isa = PBXBuildFile; fileRef = FA8E2F791770AF7A004AB962 /* RootViewController.m */; };
		FA8E2F7D1770B31E004AB962 /* StationCell.m in Sources */ = {isa = PBXBuildFile; fileRef = FA8E2F7C1770B31E004AB962 /* StationCell.m */; };
		FA8E2F831770BAC7004AB962 /* Icons.xcassets in Resources */ = {isa = PBXBuildFile; fileRef = FA8E2F821770BAC7004AB962 /* Icons.xcassets */; };
		FAD7FCD315DEB46E0026CB56 /* AudioToolbox.framework in Frameworks */ = {isa = PBXBuildFile; fileRef = FAD7FCD215DEB46E0026CB56 /* AudioToolbox.framework */; };
		FAE48FFC1777942E0040F470 /* iAd.framework in Frameworks */ = {isa = PBXBuildFile; fileRef = FAE48FFB1777942E0040F470 /* iAd.framework */; };
		FAE48FFF17779CC00040F470 /* PropositionViewController.m in Sources */ = {isa = PBXBuildFile; fileRef = FAE48FFE17779CC00040F470 /* PropositionViewController.m */; };
		FAEC1FFF17718EF7005A292D /* stations.plist in Resources */ = {isa = PBXBuildFile; fileRef = FAEC1FFE17718EF7005A292D /* stations.plist */; };
		FAEC70B415DED48500C8EA98 /* MediaPlayer.framework in Frameworks */ = {isa = PBXBuildFile; fileRef = FAEC70B315DED48500C8EA98 /* MediaPlayer.framework */; };
		FAF75795177255300064FFC1 /* CoreLocation.framework in Frameworks */ = {isa = PBXBuildFile; fileRef = FAF75794177255300064FFC1 /* CoreLocation.framework */; };
		FAF75799177255A10064FFC1 /* Reciever.m in Sources */ = {isa = PBXBuildFile; fileRef = FAF75798177255A10064FFC1 /* Reciever.m */; };
		FAF7579C177255B30064FFC1 /* GeoObject.m in Sources */ = {isa = PBXBuildFile; fileRef = FAF7579B177255B30064FFC1 /* GeoObject.m */; };
		FAF7579F177256840064FFC1 /* SignalRangeModel.m in Sources */ = {isa = PBXBuildFile; fileRef = FAF7579E177256840064FFC1 /* SignalRangeModel.m */; };
		FAF757A5177256A30064FFC1 /* Channel.m in Sources */ = {isa = PBXBuildFile; fileRef = FAF757A3177256A30064FFC1 /* Channel.m */; };
		FAF757A8177256AA0064FFC1 /* DOMath.m in Sources */ = {isa = PBXBuildFile; fileRef = FAF757A7177256AA0064FFC1 /* DOMath.m */; };
		FAF757AC1772604C0064FFC1 /* database.plist in Resources */ = {isa = PBXBuildFile; fileRef = FAF757AB1772604C0064FFC1 /* database.plist */; };
		FAF757AE177260990064FFC1 /* antennaDictionary.plist in Resources */ = {isa = PBXBuildFile; fileRef = FAF757AD177260990064FFC1 /* antennaDictionary.plist */; };
/* End PBXBuildFile section */

/* Begin PBXFileReference section */
		FA66A6DF1770F2B000F54C00 /* Model.h */ = {isa = PBXFileReference; fileEncoding = 4; lastKnownFileType = sourcecode.c.h; path = Model.h; sourceTree = "<group>"; };
		FA66A6E01770F2B000F54C00 /* Model.m */ = {isa = PBXFileReference; fileEncoding = 4; lastKnownFileType = sourcecode.c.objc; path = Model.m; sourceTree = "<group>"; };
		FA6B32C215DF9A2D007A0405 /* Favourites.h */ = {isa = PBXFileReference; fileEncoding = 4; lastKnownFileType = sourcecode.c.h; path = Favourites.h; sourceTree = "<group>"; };
		FA6B32C315DF9A2D007A0405 /* Favourites.m */ = {isa = PBXFileReference; fileEncoding = 4; lastKnownFileType = sourcecode.c.objc; path = Favourites.m; sourceTree = "<group>"; };
		FA72C13715DE9C9D002247D3 /* Radiator.app */ = {isa = PBXFileReference; explicitFileType = wrapper.application; includeInIndex = 0; path = Radiator.app; sourceTree = BUILT_PRODUCTS_DIR; };
		FA72C13B15DE9C9E002247D3 /* UIKit.framework */ = {isa = PBXFileReference; lastKnownFileType = wrapper.framework; name = UIKit.framework; path = System/Library/Frameworks/UIKit.framework; sourceTree = SDKROOT; };
		FA72C13D15DE9C9E002247D3 /* Foundation.framework */ = {isa = PBXFileReference; lastKnownFileType = wrapper.framework; name = Foundation.framework; path = System/Library/Frameworks/Foundation.framework; sourceTree = SDKROOT; };
		FA72C13F15DE9C9E002247D3 /* CoreGraphics.framework */ = {isa = PBXFileReference; lastKnownFileType = wrapper.framework; name = CoreGraphics.framework; path = System/Library/Frameworks/CoreGraphics.framework; sourceTree = SDKROOT; };
		FA72C14315DE9C9E002247D3 /* Radiator-Info.plist */ = {isa = PBXFileReference; lastKnownFileType = text.plist.xml; path = "Radiator-Info.plist"; sourceTree = "<group>"; };
		FA72C14515DE9C9E002247D3 /* en */ = {isa = PBXFileReference; lastKnownFileType = text.plist.strings; name = en; path = en.lproj/InfoPlist.strings; sourceTree = "<group>"; };
		FA72C14715DE9C9E002247D3 /* main.m */ = {isa = PBXFileReference; lastKnownFileType = sourcecode.c.objc; path = main.m; sourceTree = "<group>"; };
		FA72C14915DE9C9E002247D3 /* Radiator-Prefix.pch */ = {isa = PBXFileReference; lastKnownFileType = sourcecode.c.h; path = "Radiator-Prefix.pch"; sourceTree = "<group>"; };
		FA72C14A15DE9C9E002247D3 /* AppDelegate.h */ = {isa = PBXFileReference; lastKnownFileType = sourcecode.c.h; path = AppDelegate.h; sourceTree = "<group>"; };
		FA72C14B15DE9C9E002247D3 /* AppDelegate.m */ = {isa = PBXFileReference; lastKnownFileType = sourcecode.c.objc; path = AppDelegate.m; sourceTree = "<group>"; };
		FA72C15815DE9D3A002247D3 /* Player.h */ = {isa = PBXFileReference; fileEncoding = 4; lastKnownFileType = sourcecode.c.h; path = Player.h; sourceTree = "<group>"; };
		FA72C15915DE9D3A002247D3 /* Player.m */ = {isa = PBXFileReference; fileEncoding = 4; lastKnownFileType = sourcecode.c.objc; path = Player.m; sourceTree = "<group>"; };
		FA72C15B15DE9D55002247D3 /* AVFoundation.framework */ = {isa = PBXFileReference; lastKnownFileType = wrapper.framework; name = AVFoundation.framework; path = System/Library/Frameworks/AVFoundation.framework; sourceTree = SDKROOT; };
		FA72C15D15DE9F5F002247D3 /* Security.framework */ = {isa = PBXFileReference; lastKnownFileType = wrapper.framework; name = Security.framework; path = System/Library/Frameworks/Security.framework; sourceTree = SDKROOT; };
		FA8AB37C1771017000A32353 /* Station.h */ = {isa = PBXFileReference; fileEncoding = 4; lastKnownFileType = sourcecode.c.h; path = Station.h; sourceTree = "<group>"; };
		FA8AB37D1771017000A32353 /* Station.m */ = {isa = PBXFileReference; fileEncoding = 4; lastKnownFileType = sourcecode.c.objc; path = Station.m; sourceTree = "<group>"; };
		FA8E2F761770ADED004AB962 /* Storyboard.storyboard */ = {isa = PBXFileReference; fileEncoding = 4; lastKnownFileType = file.storyboard; path = Storyboard.storyboard; sourceTree = "<group>"; };
		FA8E2F781770AF7A004AB962 /* RootViewController.h */ = {isa = PBXFileReference; fileEncoding = 4; lastKnownFileType = sourcecode.c.h; path = RootViewController.h; sourceTree = "<group>"; };
		FA8E2F791770AF7A004AB962 /* RootViewController.m */ = {isa = PBXFileReference; fileEncoding = 4; lastKnownFileType = sourcecode.c.objc; path = RootViewController.m; sourceTree = "<group>"; };
		FA8E2F7B1770B31E004AB962 /* StationCell.h */ = {isa = PBXFileReference; fileEncoding = 4; lastKnownFileType = sourcecode.c.h; path = StationCell.h; sourceTree = "<group>"; };
		FA8E2F7C1770B31E004AB962 /* StationCell.m */ = {isa = PBXFileReference; fileEncoding = 4; lastKnownFileType = sourcecode.c.objc; path = StationCell.m; sourceTree = "<group>"; };
		FA8E2F821770BAC7004AB962 /* Icons.xcassets */ = {isa = PBXFileReference; lastKnownFileType = folder.assetcatalog; path = Icons.xcassets; sourceTree = "<group>"; };
		FAD7FCD215DEB46E0026CB56 /* AudioToolbox.framework */ = {isa = PBXFileReference; lastKnownFileType = wrapper.framework; name = AudioToolbox.framework; path = System/Library/Frameworks/AudioToolbox.framework; sourceTree = SDKROOT; };
		FAE48FFB1777942E0040F470 /* iAd.framework */ = {isa = PBXFileReference; lastKnownFileType = wrapper.framework; name = iAd.framework; path = System/Library/Frameworks/iAd.framework; sourceTree = SDKROOT; };
		FAE48FFD17779CC00040F470 /* PropositionViewController.h */ = {isa = PBXFileReference; fileEncoding = 4; lastKnownFileType = sourcecode.c.h; path = PropositionViewController.h; sourceTree = "<group>"; };
		FAE48FFE17779CC00040F470 /* PropositionViewController.m */ = {isa = PBXFileReference; fileEncoding = 4; lastKnownFileType = sourcecode.c.objc; path = PropositionViewController.m; sourceTree = "<group>"; };
		FAEC1FFE17718EF7005A292D /* stations.plist */ = {isa = PBXFileReference; lastKnownFileType = file.bplist; path = stations.plist; sourceTree = "<group>"; };
		FAEC70B315DED48500C8EA98 /* MediaPlayer.framework */ = {isa = PBXFileReference; lastKnownFileType = wrapper.framework; name = MediaPlayer.framework; path = System/Library/Frameworks/MediaPlayer.framework; sourceTree = SDKROOT; };
		FAF75794177255300064FFC1 /* CoreLocation.framework */ = {isa = PBXFileReference; lastKnownFileType = wrapper.framework; name = CoreLocation.framework; path = System/Library/Frameworks/CoreLocation.framework; sourceTree = SDKROOT; };
		FAF75797177255A10064FFC1 /* Reciever.h */ = {isa = PBXFileReference; fileEncoding = 4; lastKnownFileType = sourcecode.c.h; path = Reciever.h; sourceTree = "<group>"; };
		FAF75798177255A10064FFC1 /* Reciever.m */ = {isa = PBXFileReference; fileEncoding = 4; lastKnownFileType = sourcecode.c.objc; path = Reciever.m; sourceTree = "<group>"; };
		FAF7579A177255B30064FFC1 /* GeoObject.h */ = {isa = PBXFileReference; fileEncoding = 4; lastKnownFileType = sourcecode.c.h; path = GeoObject.h; sourceTree = "<group>"; };
		FAF7579B177255B30064FFC1 /* GeoObject.m */ = {isa = PBXFileReference; fileEncoding = 4; lastKnownFileType = sourcecode.c.objc; path = GeoObject.m; sourceTree = "<group>"; };
		FAF7579D177256840064FFC1 /* SignalRangeModel.h */ = {isa = PBXFileReference; fileEncoding = 4; lastKnownFileType = sourcecode.c.h; path = SignalRangeModel.h; sourceTree = "<group>"; };
		FAF7579E177256840064FFC1 /* SignalRangeModel.m */ = {isa = PBXFileReference; fileEncoding = 4; lastKnownFileType = sourcecode.c.objc; path = SignalRangeModel.m; sourceTree = "<group>"; };
		FAF757A2177256A30064FFC1 /* Channel.h */ = {isa = PBXFileReference; fileEncoding = 4; lastKnownFileType = sourcecode.c.h; path = Channel.h; sourceTree = "<group>"; };
		FAF757A3177256A30064FFC1 /* Channel.m */ = {isa = PBXFileReference; fileEncoding = 4; lastKnownFileType = sourcecode.c.objc; path = Channel.m; sourceTree = "<group>"; };
		FAF757A6177256AA0064FFC1 /* DOMath.h */ = {isa = PBXFileReference; fileEncoding = 4; lastKnownFileType = sourcecode.c.h; path = DOMath.h; sourceTree = "<group>"; };
		FAF757A7177256AA0064FFC1 /* DOMath.m */ = {isa = PBXFileReference; fileEncoding = 4; lastKnownFileType = sourcecode.c.objc; path = DOMath.m; sourceTree = "<group>"; };
		FAF757AB1772604C0064FFC1 /* database.plist */ = {isa = PBXFileReference; lastKnownFileType = file.bplist; path = database.plist; sourceTree = "<group>"; };
		FAF757AD177260990064FFC1 /* antennaDictionary.plist */ = {isa = PBXFileReference; fileEncoding = 4; lastKnownFileType = text.plist.xml; name = antennaDictionary.plist; path = ../antennaDictionary.plist; sourceTree = "<group>"; };
/* End PBXFileReference section */

/* Begin PBXFrameworksBuildPhase section */
		FA72C13415DE9C9D002247D3 /* Frameworks */ = {
			isa = PBXFrameworksBuildPhase;
			buildActionMask = 2147483647;
			files = (
				FAE48FFC1777942E0040F470 /* iAd.framework in Frameworks */,
				FAF75795177255300064FFC1 /* CoreLocation.framework in Frameworks */,
				FAEC70B415DED48500C8EA98 /* MediaPlayer.framework in Frameworks */,
				FAD7FCD315DEB46E0026CB56 /* AudioToolbox.framework in Frameworks */,
				FA72C15E15DE9F5F002247D3 /* Security.framework in Frameworks */,
				FA72C15C15DE9D55002247D3 /* AVFoundation.framework in Frameworks */,
				FA72C13C15DE9C9E002247D3 /* UIKit.framework in Frameworks */,
				FA72C13E15DE9C9E002247D3 /* Foundation.framework in Frameworks */,
				FA72C14015DE9C9E002247D3 /* CoreGraphics.framework in Frameworks */,
			);
			runOnlyForDeploymentPostprocessing = 0;
		};
/* End PBXFrameworksBuildPhase section */

/* Begin PBXGroup section */
		FA72C12C15DE9C9D002247D3 = {
			isa = PBXGroup;
			children = (
				FA72C14115DE9C9E002247D3 /* Radiator */,
				FA72C13A15DE9C9D002247D3 /* Frameworks */,
				FA72C13815DE9C9D002247D3 /* Products */,
			);
			sourceTree = "<group>";
		};
		FA72C13815DE9C9D002247D3 /* Products */ = {
			isa = PBXGroup;
			children = (
				FA72C13715DE9C9D002247D3 /* Radiator.app */,
			);
			name = Products;
			sourceTree = "<group>";
		};
		FA72C13A15DE9C9D002247D3 /* Frameworks */ = {
			isa = PBXGroup;
			children = (
				FAE48FFB1777942E0040F470 /* iAd.framework */,
				FAF75794177255300064FFC1 /* CoreLocation.framework */,
				FAEC70B315DED48500C8EA98 /* MediaPlayer.framework */,
				FAD7FCD215DEB46E0026CB56 /* AudioToolbox.framework */,
				FA72C15D15DE9F5F002247D3 /* Security.framework */,
				FA72C15B15DE9D55002247D3 /* AVFoundation.framework */,
				FA72C13B15DE9C9E002247D3 /* UIKit.framework */,
				FA72C13D15DE9C9E002247D3 /* Foundation.framework */,
				FA72C13F15DE9C9E002247D3 /* CoreGraphics.framework */,
			);
			name = Frameworks;
			sourceTree = "<group>";
		};
		FA72C14115DE9C9E002247D3 /* Radiator */ = {
			isa = PBXGroup;
			children = (
				FA72C14A15DE9C9E002247D3 /* AppDelegate.h */,
				FA72C14B15DE9C9E002247D3 /* AppDelegate.m */,
				FA66A6DF1770F2B000F54C00 /* Model.h */,
				FA66A6E01770F2B000F54C00 /* Model.m */,
				FA72C15815DE9D3A002247D3 /* Player.h */,
				FA72C15915DE9D3A002247D3 /* Player.m */,
				FA8AB37C1771017000A32353 /* Station.h */,
				FA8AB37D1771017000A32353 /* Station.m */,
				FA6B32C215DF9A2D007A0405 /* Favourites.h */,
				FA6B32C315DF9A2D007A0405 /* Favourites.m */,
				FA8E2F761770ADED004AB962 /* Storyboard.storyboard */,
				FA8E2F7B1770B31E004AB962 /* StationCell.h */,
				FA8E2F7C1770B31E004AB962 /* StationCell.m */,
				FA8E2F781770AF7A004AB962 /* RootViewController.h */,
				FA8E2F791770AF7A004AB962 /* RootViewController.m */,
				FAE48FFD17779CC00040F470 /* PropositionViewController.h */,
				FAE48FFE17779CC00040F470 /* PropositionViewController.m */,
				FAF75796177255960064FFC1 /* Antenna */,
				FA72C14215DE9C9E002247D3 /* Supporting Files */,
			);
			path = Radiator;
			sourceTree = "<group>";
		};
		FA72C14215DE9C9E002247D3 /* Supporting Files */ = {
			isa = PBXGroup;
			children = (
				FAF757AD177260990064FFC1 /* antennaDictionary.plist */,
				FAF757AB1772604C0064FFC1 /* database.plist */,
				FAEC1FFE17718EF7005A292D /* stations.plist */,
				FA8E2F821770BAC7004AB962 /* Icons.xcassets */,
				FA72C14315DE9C9E002247D3 /* Radiator-Info.plist */,
				FA72C14415DE9C9E002247D3 /* InfoPlist.strings */,
				FA72C14715DE9C9E002247D3 /* main.m */,
				FA72C14915DE9C9E002247D3 /* Radiator-Prefix.pch */,
			);
			name = "Supporting Files";
			sourceTree = "<group>";
		};
		FAF75796177255960064FFC1 /* Antenna */ = {
			isa = PBXGroup;
			children = (
				FAF7579D177256840064FFC1 /* SignalRangeModel.h */,
				FAF7579E177256840064FFC1 /* SignalRangeModel.m */,
				FAF7579A177255B30064FFC1 /* GeoObject.h */,
				FAF7579B177255B30064FFC1 /* GeoObject.m */,
				FAF75797177255A10064FFC1 /* Reciever.h */,
				FAF75798177255A10064FFC1 /* Reciever.m */,
				FAF757A2177256A30064FFC1 /* Channel.h */,
				FAF757A3177256A30064FFC1 /* Channel.m */,
				FAF757A6177256AA0064FFC1 /* DOMath.h */,
				FAF757A7177256AA0064FFC1 /* DOMath.m */,
			);
			name = Antenna;
			sourceTree = "<group>";
		};
/* End PBXGroup section */

/* Begin PBXNativeTarget section */
		FA72C13615DE9C9D002247D3 /* Radiator */ = {
			isa = PBXNativeTarget;
			buildConfigurationList = FA72C15515DE9C9E002247D3 /* Build configuration list for PBXNativeTarget "Radiator" */;
			buildPhases = (
				FA72C13315DE9C9D002247D3 /* Sources */,
				FA72C13415DE9C9D002247D3 /* Frameworks */,
				FA72C13515DE9C9D002247D3 /* Resources */,
			);
			buildRules = (
			);
			dependencies = (
			);
			name = Radiator;
			productName = Radiator;
			productReference = FA72C13715DE9C9D002247D3 /* Radiator.app */;
			productType = "com.apple.product-type.application";
		};
/* End PBXNativeTarget section */

/* Begin PBXProject section */
		FA72C12E15DE9C9D002247D3 /* Project object */ = {
			isa = PBXProject;
			attributes = {
				LastUpgradeCheck = 0500;
				ORGANIZATIONNAME = "Deathly Owl";
				TargetAttributes = {
					FA72C13615DE9C9D002247D3 = {
						DevelopmentTeam = 377SA7CLTK;
						SystemCapabilities = {
							com.apple.BackgroundModes = {
								enabled = 1;
							};
							com.apple.iCloud = {
								enabled = 0;
							};
						};
					};
				};
			};
			buildConfigurationList = FA72C13115DE9C9D002247D3 /* Build configuration list for PBXProject "Radiator" */;
			compatibilityVersion = "Xcode 3.2";
			developmentRegion = English;
			hasScannedForEncodings = 0;
			knownRegions = (
				en,
			);
			mainGroup = FA72C12C15DE9C9D002247D3;
			productRefGroup = FA72C13815DE9C9D002247D3 /* Products */;
			projectDirPath = "";
			projectRoot = "";
			targets = (
				FA72C13615DE9C9D002247D3 /* Radiator */,
			);
		};
/* End PBXProject section */

/* Begin PBXResourcesBuildPhase section */
		FA72C13515DE9C9D002247D3 /* Resources */ = {
			isa = PBXResourcesBuildPhase;
			buildActionMask = 2147483647;
			files = (
				FAF757AE177260990064FFC1 /* antennaDictionary.plist in Resources */,
				FA72C14615DE9C9E002247D3 /* InfoPlist.strings in Resources */,
				FAEC1FFF17718EF7005A292D /* stations.plist in Resources */,
				FA8E2F831770BAC7004AB962 /* Icons.xcassets in Resources */,
				FAF757AC1772604C0064FFC1 /* database.plist in Resources */,
				FA8E2F771770ADED004AB962 /* Storyboard.storyboard in Resources */,
			);
			runOnlyForDeploymentPostprocessing = 0;
		};
/* End PBXResourcesBuildPhase section */

/* Begin PBXSourcesBuildPhase section */
		FA72C13315DE9C9D002247D3 /* Sources */ = {
			isa = PBXSourcesBuildPhase;
			buildActionMask = 2147483647;
			files = (
				FA72C14815DE9C9E002247D3 /* main.m in Sources */,
				FAF757A5177256A30064FFC1 /* Channel.m in Sources */,
				FA8E2F7A1770AF7A004AB962 /* RootViewController.m in Sources */,
				FAF7579C177255B30064FFC1 /* GeoObject.m in Sources */,
				FAF7579F177256840064FFC1 /* SignalRangeModel.m in Sources */,
				FA8E2F7D1770B31E004AB962 /* StationCell.m in Sources */,
				FA66A6E11770F2B000F54C00 /* Model.m in Sources */,
				FAF75799177255A10064FFC1 /* Reciever.m in Sources */,
				FAF757A8177256AA0064FFC1 /* DOMath.m in Sources */,
				FAE48FFF17779CC00040F470 /* PropositionViewController.m in Sources */,
				FA72C14C15DE9C9E002247D3 /* AppDelegate.m in Sources */,
				FA72C15A15DE9D3A002247D3 /* Player.m in Sources */,
				FA8AB37E1771017000A32353 /* Station.m in Sources */,
				FA6B32C415DF9A2D007A0405 /* Favourites.m in Sources */,
			);
			runOnlyForDeploymentPostprocessing = 0;
		};
/* End PBXSourcesBuildPhase section */

/* Begin PBXVariantGroup section */
		FA72C14415DE9C9E002247D3 /* InfoPlist.strings */ = {
			isa = PBXVariantGroup;
			children = (
				FA72C14515DE9C9E002247D3 /* en */,
			);
			name = InfoPlist.strings;
			sourceTree = "<group>";
		};
/* End PBXVariantGroup section */

/* Begin XCBuildConfiguration section */
		FA72C15315DE9C9E002247D3 /* Debug */ = {
			isa = XCBuildConfiguration;
			buildSettings = {
				ALWAYS_SEARCH_USER_PATHS = NO;
				CLANG_CXX_LANGUAGE_STANDARD = "gnu++0x";
				CLANG_WARN_BOOL_CONVERSION = YES;
				CLANG_WARN_CONSTANT_CONVERSION = YES;
				CLANG_WARN_EMPTY_BODY = YES;
				CLANG_WARN_ENUM_CONVERSION = YES;
				CLANG_WARN_INT_CONVERSION = YES;
				CLANG_WARN__DUPLICATE_METHOD_MATCH = YES;
				CODE_SIGN_IDENTITY = "iPhone Developer: Malgorzata Bogdanska (GVKUKVJ37F)";
				"CODE_SIGN_IDENTITY[sdk=iphoneos*]" = "iPhone Developer";
				COPY_PHASE_STRIP = NO;
				GCC_C_LANGUAGE_STANDARD = gnu99;
				GCC_DYNAMIC_NO_PIC = NO;
				GCC_OPTIMIZATION_LEVEL = 0;
				GCC_PREPROCESSOR_DEFINITIONS = (
					"DEBUG=1",
					"$(inherited)",
				);
				GCC_SYMBOLS_PRIVATE_EXTERN = NO;
				GCC_VERSION = com.apple.compilers.llvm.clang.1_0;
				GCC_WARN_ABOUT_RETURN_TYPE = YES;
				GCC_WARN_UNDECLARED_SELECTOR = YES;
				GCC_WARN_UNINITIALIZED_AUTOS = YES;
				GCC_WARN_UNUSED_FUNCTION = YES;
				GCC_WARN_UNUSED_VARIABLE = YES;
				IPHONEOS_DEPLOYMENT_TARGET = 7.0;
				ONLY_ACTIVE_ARCH = YES;
				PROVISIONING_PROFILE = "9012BB32-5FD4-4AF5-AF14-A3EAF38C8886";
				SDKROOT = iphoneos;
			};
			name = Debug;
		};
		FA72C15415DE9C9E002247D3 /* Release */ = {
			isa = XCBuildConfiguration;
			buildSettings = {
				ALWAYS_SEARCH_USER_PATHS = NO;
				CLANG_CXX_LANGUAGE_STANDARD = "gnu++0x";
				CLANG_WARN_BOOL_CONVERSION = YES;
				CLANG_WARN_CONSTANT_CONVERSION = YES;
				CLANG_WARN_EMPTY_BODY = YES;
				CLANG_WARN_ENUM_CONVERSION = YES;
				CLANG_WARN_INT_CONVERSION = YES;
				CLANG_WARN__DUPLICATE_METHOD_MATCH = YES;
				CODE_SIGN_IDENTITY = "iPhone Developer: Malgorzata Bogdanska (GVKUKVJ37F)";
				"CODE_SIGN_IDENTITY[sdk=iphoneos*]" = "iPhone Developer";
				COPY_PHASE_STRIP = YES;
				GCC_C_LANGUAGE_STANDARD = gnu99;
				GCC_VERSION = com.apple.compilers.llvm.clang.1_0;
				GCC_WARN_ABOUT_RETURN_TYPE = YES;
				GCC_WARN_UNDECLARED_SELECTOR = YES;
				GCC_WARN_UNINITIALIZED_AUTOS = YES;
				GCC_WARN_UNUSED_FUNCTION = YES;
				GCC_WARN_UNUSED_VARIABLE = YES;
				IPHONEOS_DEPLOYMENT_TARGET = 7.0;
				OTHER_CFLAGS = "-DNS_BLOCK_ASSERTIONS=1";
				PROVISIONING_PROFILE = "9012BB32-5FD4-4AF5-AF14-A3EAF38C8886";
				SDKROOT = iphoneos;
				VALIDATE_PRODUCT = YES;
			};
			name = Release;
		};
		FA72C15615DE9C9E002247D3 /* Debug */ = {
			isa = XCBuildConfiguration;
			buildSettings = {
				ASSETCATALOG_COMPILER_APPICON_NAME = AppIcon;
				ASSETCATALOG_COMPILER_LAUNCHIMAGE_NAME = LaunchImage;
				CLANG_ENABLE_OBJC_ARC = YES;
				CODE_SIGN_ENTITLEMENTS = "";
				CODE_SIGN_IDENTITY = "iPhone Developer: Malgorzata Bogdanska (GVKUKVJ37F)";
				GCC_PRECOMPILE_PREFIX_HEADER = YES;
				GCC_PREFIX_HEADER = "Radiator/Radiator-Prefix.pch";
				GCC_THUMB_SUPPORT = NO;
				INFOPLIST_FILE = "Radiator/Radiator-Info.plist";
				IPHONEOS_DEPLOYMENT_TARGET = 7.0;
				PRODUCT_NAME = "$(TARGET_NAME)";
				PROVISIONING_PROFILE = "7AE1DB2D-538A-4F3D-BE22-7F9AF9BC68E5";
				WRAPPER_EXTENSION = app;
			};
			name = Debug;
		};
		FA72C15715DE9C9E002247D3 /* Release */ = {
			isa = XCBuildConfiguration;
			buildSettings = {
				ASSETCATALOG_COMPILER_APPICON_NAME = AppIcon;
				ASSETCATALOG_COMPILER_LAUNCHIMAGE_NAME = LaunchImage;
				CLANG_ENABLE_OBJC_ARC = YES;
				CODE_SIGN_ENTITLEMENTS = "";
				CODE_SIGN_IDENTITY = "iPhone Developer: Malgorzata Bogdanska (GVKUKVJ37F)";
				GCC_PRECOMPILE_PREFIX_HEADER = YES;
				GCC_PREFIX_HEADER = "Radiator/Radiator-Prefix.pch";
				GCC_THUMB_SUPPORT = NO;
				INFOPLIST_FILE = "Radiator/Radiator-Info.plist";
				IPHONEOS_DEPLOYMENT_TARGET = 7.0;
				PRODUCT_NAME = "$(TARGET_NAME)";
				PROVISIONING_PROFILE = "7AE1DB2D-538A-4F3D-BE22-7F9AF9BC68E5";
				WRAPPER_EXTENSION = app;
			};
			name = Release;
		};
/* End XCBuildConfiguration section */

/* Begin XCConfigurationList section */
		FA72C13115DE9C9D002247D3 /* Build configuration list for PBXProject "Radiator" */ = {
			isa = XCConfigurationList;
			buildConfigurations = (
				FA72C15315DE9C9E002247D3 /* Debug */,
				FA72C15415DE9C9E002247D3 /* Release */,
			);
			defaultConfigurationIsVisible = 0;
			defaultConfigurationName = Release;
		};
		FA72C15515DE9C9E002247D3 /* Build configuration list for PBXNativeTarget "Radiator" */ = {
			isa = XCConfigurationList;
			buildConfigurations = (
				FA72C15615DE9C9E002247D3 /* Debug */,
				FA72C15715DE9C9E002247D3 /* Release */,
			);
			defaultConfigurationIsVisible = 0;
			defaultConfigurationName = Release;
		};
/* End XCConfigurationList section */
	};
	rootObject = FA72C12E15DE9C9D002247D3 /* Project object */;
}
